
Microsoft Visual Studio Solution File, Format Version 12.00
# Visual Studio Version 16
VisualStudioVersion = 16.0.30503.244
MinimumVisualStudioVersion = 10.0.40219.1
Project("{FAE04EC0-301F-11D3-BF4B-00C04F79EFBC}") = "PetFinderWeb", "PetFinderWeb\PetFinderWeb.csproj", "{559621A9-1E95-49DF-B80C-FD9D0812C106}"
EndProject
Project("{FAE04EC0-301F-11D3-BF4B-00C04F79EFBC}") = "PetFinderCore", "PetFinderCore\PetFinderCore.csproj", "{BFC5DEDC-78DC-4732-BD9E-F4C965BC6940}"
EndProject
Project("{FAE04EC0-301F-11D3-BF4B-00C04F79EFBC}") = "PetFinderTest", "PetFinderTest\PetFinderTest.csproj", "{D434F331-1717-4BA8-9F1E-53FC14752B78}"
EndProject
Global
	GlobalSection(SolutionConfigurationPlatforms) = preSolution
		Debug|Any CPU = Debug|Any CPU
		Release|Any CPU = Release|Any CPU
	EndGlobalSection
	GlobalSection(ProjectConfigurationPlatforms) = postSolution
		{559621A9-1E95-49DF-B80C-FD9D0812C106}.Debug|Any CPU.ActiveCfg = Debug|Any CPU
		{559621A9-1E95-49DF-B80C-FD9D0812C106}.Debug|Any CPU.Build.0 = Debug|Any CPU
		{559621A9-1E95-49DF-B80C-FD9D0812C106}.Release|Any CPU.ActiveCfg = Release|Any CPU
		{559621A9-1E95-49DF-B80C-FD9D0812C106}.Release|Any CPU.Build.0 = Release|Any CPU
		{BFC5DEDC-78DC-4732-BD9E-F4C965BC6940}.Debug|Any CPU.ActiveCfg = Debug|Any CPU
		{BFC5DEDC-78DC-4732-BD9E-F4C965BC6940}.Debug|Any CPU.Build.0 = Debug|Any CPU
		{BFC5DEDC-78DC-4732-BD9E-F4C965BC6940}.Release|Any CPU.ActiveCfg = Release|Any CPU
		{BFC5DEDC-78DC-4732-BD9E-F4C965BC6940}.Release|Any CPU.Build.0 = Release|Any CPU
		{D434F331-1717-4BA8-9F1E-53FC14752B78}.Debug|Any CPU.ActiveCfg = Debug|Any CPU
		{D434F331-1717-4BA8-9F1E-53FC14752B78}.Debug|Any CPU.Build.0 = Debug|Any CPU
		{D434F331-1717-4BA8-9F1E-53FC14752B78}.Release|Any CPU.ActiveCfg = Release|Any CPU
		{D434F331-1717-4BA8-9F1E-53FC14752B78}.Release|Any CPU.Build.0 = Release|Any CPU
	EndGlobalSection
	GlobalSection(SolutionProperties) = preSolution
		HideSolutionNode = FALSE
	EndGlobalSection
	GlobalSection(ExtensibilityGlobals) = postSolution
		SolutionGuid = {785B5248-1ABD-4208-A5F0-23B0A9207590}
	EndGlobalSection
EndGlobal
